
Microsoft Visual Studio Solution File, Format Version 12.00
# Visual Studio Version 16
VisualStudioVersion = 16.0.29009.5
MinimumVisualStudioVersion = 10.0.40219.1
Project("{FAE04EC0-301F-11D3-BF4B-00C04F79EFBC}") = "Keygen", "Keygen\Keygen.csproj", "{6A193D0A-139A-423B-9B0D-6D28C183418B}"
	ProjectSection(ProjectDependencies) = postProject
		{620FFBC1-AFEA-4494-997D-BC4CBD83994B} = {620FFBC1-AFEA-4494-997D-BC4CBD83994B}
	EndProjectSection
EndProject
Project("{FAE04EC0-301F-11D3-BF4B-00C04F79EFBC}") = "Validator", "Validator\Validator.csproj", "{3EEFE902-258E-45F3-88FE-CAE933082C1B}"
	ProjectSection(ProjectDependencies) = postProject
		{620FFBC1-AFEA-4494-997D-BC4CBD83994B} = {620FFBC1-AFEA-4494-997D-BC4CBD83994B}
	EndProjectSection
EndProject
Project("{FAE04EC0-301F-11D3-BF4B-00C04F79EFBC}") = "LicenseLib", "LicenseLib\LicenseLib.csproj", "{620FFBC1-AFEA-4494-997D-BC4CBD83994B}"
EndProject
Global
	GlobalSection(SolutionConfigurationPlatforms) = preSolution
		Debug|Any CPU = Debug|Any CPU
		Release|Any CPU = Release|Any CPU
	EndGlobalSection
	GlobalSection(ProjectConfigurationPlatforms) = postSolution
		{6A193D0A-139A-423B-9B0D-6D28C183418B}.Debug|Any CPU.ActiveCfg = Debug|Any CPU
		{6A193D0A-139A-423B-9B0D-6D28C183418B}.Debug|Any CPU.Build.0 = Debug|Any CPU
		{6A193D0A-139A-423B-9B0D-6D28C183418B}.Release|Any CPU.ActiveCfg = Release|Any CPU
		{6A193D0A-139A-423B-9B0D-6D28C183418B}.Release|Any CPU.Build.0 = Release|Any CPU
		{3EEFE902-258E-45F3-88FE-CAE933082C1B}.Debug|Any CPU.ActiveCfg = Debug|Any CPU
		{3EEFE902-258E-45F3-88FE-CAE933082C1B}.Debug|Any CPU.Build.0 = Debug|Any CPU
		{3EEFE902-258E-45F3-88FE-CAE933082C1B}.Release|Any CPU.ActiveCfg = Release|Any CPU
		{3EEFE902-258E-45F3-88FE-CAE933082C1B}.Release|Any CPU.Build.0 = Release|Any CPU
		{620FFBC1-AFEA-4494-997D-BC4CBD83994B}.Debug|Any CPU.ActiveCfg = Debug|Any CPU
		{620FFBC1-AFEA-4494-997D-BC4CBD83994B}.Debug|Any CPU.Build.0 = Debug|Any CPU
		{620FFBC1-AFEA-4494-997D-BC4CBD83994B}.Release|Any CPU.ActiveCfg = Release|Any CPU
		{620FFBC1-AFEA-4494-997D-BC4CBD83994B}.Release|Any CPU.Build.0 = Release|Any CPU
	EndGlobalSection
	GlobalSection(SolutionProperties) = preSolution
		HideSolutionNode = FALSE
	EndGlobalSection
	GlobalSection(ExtensibilityGlobals) = postSolution
		SolutionGuid = {785FA7A4-DDCF-4F44-A8E9-D9F97696380F}
	EndGlobalSection
EndGlobal
