
Microsoft Visual Studio Solution File, Format Version 12.00
# Visual Studio Version 16
VisualStudioVersion = 16.0.29009.5
MinimumVisualStudioVersion = 10.0.40219.1
Project("{FAE04EC0-301F-11D3-BF4B-00C04F79EFBC}") = "WindowsFormsApp1", "WindowsFormsApp1\WindowsFormsApp1.csproj", "{77AC4758-F26E-4642-8560-D098AAF85BA4}"
EndProject
Global
	GlobalSection(SolutionConfigurationPlatforms) = preSolution
		Debug|Any CPU = Debug|Any CPU
		Release|Any CPU = Release|Any CPU
	EndGlobalSection
	GlobalSection(ProjectConfigurationPlatforms) = postSolution
		{77AC4758-F26E-4642-8560-D098AAF85BA4}.Debug|Any CPU.ActiveCfg = Debug|Any CPU
		{77AC4758-F26E-4642-8560-D098AAF85BA4}.Debug|Any CPU.Build.0 = Debug|Any CPU
		{77AC4758-F26E-4642-8560-D098AAF85BA4}.Release|Any CPU.ActiveCfg = Release|Any CPU
		{77AC4758-F26E-4642-8560-D098AAF85BA4}.Release|Any CPU.Build.0 = Release|Any CPU
	EndGlobalSection
	GlobalSection(SolutionProperties) = preSolution
		HideSolutionNode = FALSE
	EndGlobalSection
	GlobalSection(ExtensibilityGlobals) = postSolution
		SolutionGuid = {A82D842E-42B0-4F13-86F5-2A3A86CC10F3}
	EndGlobalSection
EndGlobal
